
Microsoft Visual Studio Solution File, Format Version 12.00
# Visual Studio Version 17
VisualStudioVersion = 17.14.37502.11
MinimumVisualStudioVersion = 10.0.40219.1
Project("{FAE04EC0-301F-11D3-BF4B-00C04F79EFBC}") = "LocalAI.Developer.VisualStudio", "src\LocalAI.Developer.VisualStudio\LocalAI.Developer.VisualStudio.csproj", "{9038B419-2B70-4C66-9728-D8CE5506EAB1}"
EndProject
Project("{FAE04EC0-301F-11D3-BF4B-00C04F79EFBC}") = "LocalAI.Developer.Backend", "src\LocalAI.Developer.Backend\LocalAI.Developer.Backend.csproj", "{26875610-A0F0-4EBC-A49B-460CFB4621A0}"
EndProject
Project("{FAE04EC0-301F-11D3-BF4B-00C04F79EFBC}") = "LocalAI.Developer.Backend.Tests", "tests\LocalAI.Developer.Backend.Tests\LocalAI.Developer.Backend.Tests.csproj", "{30127930-BABC-44E6-A926-9E848650C64B}"
EndProject
Global
	GlobalSection(SolutionConfigurationPlatforms) = preSolution
		Debug|Any CPU = Debug|Any CPU
		Release|Any CPU = Release|Any CPU
	EndGlobalSection
	GlobalSection(ProjectConfigurationPlatforms) = postSolution
		{9038B419-2B70-4C66-9728-D8CE5506EAB1}.Debug|Any CPU.ActiveCfg = Debug|Any CPU
		{9038B419-2B70-4C66-9728-D8CE5506EAB1}.Debug|Any CPU.Build.0 = Debug|Any CPU
		{9038B419-2B70-4C66-9728-D8CE5506EAB1}.Release|Any CPU.ActiveCfg = Release|Any CPU
		{9038B419-2B70-4C66-9728-D8CE5506EAB1}.Release|Any CPU.Build.0 = Release|Any CPU
		{26875610-A0F0-4EBC-A49B-460CFB4621A0}.Debug|Any CPU.ActiveCfg = Debug|Any CPU
		{26875610-A0F0-4EBC-A49B-460CFB4621A0}.Debug|Any CPU.Build.0 = Debug|Any CPU
		{26875610-A0F0-4EBC-A49B-460CFB4621A0}.Release|Any CPU.ActiveCfg = Release|Any CPU
		{26875610-A0F0-4EBC-A49B-460CFB4621A0}.Release|Any CPU.Build.0 = Release|Any CPU
		{30127930-BABC-44E6-A926-9E848650C64B}.Debug|Any CPU.ActiveCfg = Debug|Any CPU
		{30127930-BABC-44E6-A926-9E848650C64B}.Debug|Any CPU.Build.0 = Debug|Any CPU
		{30127930-BABC-44E6-A926-9E848650C64B}.Release|Any CPU.ActiveCfg = Release|Any CPU
		{30127930-BABC-44E6-A926-9E848650C64B}.Release|Any CPU.Build.0 = Release|Any CPU
	EndGlobalSection
	GlobalSection(SolutionProperties) = preSolution
		HideSolutionNode = FALSE
	EndGlobalSection
EndGlobal
